
Microsoft Visual Studio Solution File, Format Version 12.00
# Visual Studio Version 16
VisualStudioVersion = 16.0.30204.135
MinimumVisualStudioVersion = 10.0.40219.1
Project("{FAE04EC0-301F-11D3-BF4B-00C04F79EFBC}") = "18600038", "18600038\18600038.csproj", "{D540904D-4E72-47E5-A48F-B02300A2DC57}"
EndProject
Global
	GlobalSection(SolutionConfigurationPlatforms) = preSolution
		Debug|Any CPU = Debug|Any CPU
		Release|Any CPU = Release|Any CPU
	EndGlobalSection
	GlobalSection(ProjectConfigurationPlatforms) = postSolution
		{D540904D-4E72-47E5-A48F-B02300A2DC57}.Debug|Any CPU.ActiveCfg = Debug|Any CPU
		{D540904D-4E72-47E5-A48F-B02300A2DC57}.Debug|Any CPU.Build.0 = Debug|Any CPU
		{D540904D-4E72-47E5-A48F-B02300A2DC57}.Release|Any CPU.ActiveCfg = Release|Any CPU
		{D540904D-4E72-47E5-A48F-B02300A2DC57}.Release|Any CPU.Build.0 = Release|Any CPU
	EndGlobalSection
	GlobalSection(SolutionProperties) = preSolution
		HideSolutionNode = FALSE
	EndGlobalSection
	GlobalSection(ExtensibilityGlobals) = postSolution
		SolutionGuid = {AA38C4A3-B9F6-4929-AE1E-D88FEE094C04}
	EndGlobalSection
EndGlobal
